// !$*UTF8*$!
{
	archiveVersion = 1;
	classes = {
	};
	objectVersion = 55;
	objects = {

/* Begin PBXBuildFile section */
		630059DD28A8A5E400092B66 /* Launch Screen.storyboard in Resources */ = {isa = PBXBuildFile; fileRef = 630059DC28A8A5E400092B66 /* Launch Screen.storyboard */; };
		6309715228950FCC00138FAD /* Home.swift in Sources */ = {isa = PBXBuildFile; fileRef = 6309715128950FCC00138FAD /* Home.swift */; };
		63168D0528997BF200C7D0DC /* api_video.swift in Sources */ = {isa = PBXBuildFile; fileRef = 63168D0428997BF200C7D0DC /* api_video.swift */; };
		63179027289947B100A45C93 /* api_share.swift in Sources */ = {isa = PBXBuildFile; fileRef = 63179026289947B100A45C93 /* api_share.swift */; };
		6317902928994F6C00A45C93 /* p_StatusBarBackgroundOnScroll.swift in Sources */ = {isa = PBXBuildFile; fileRef = 6317902828994F6C00A45C93 /* p_StatusBarBackgroundOnScroll.swift */; };
		6317D7072892D20900192E5A /* v_Sheet.swift in Sources */ = {isa = PBXBuildFile; fileRef = 6317D7062892D20900192E5A /* v_Sheet.swift */; };
		6317D7092892D32E00192E5A /* v_fullScreenCover.swift in Sources */ = {isa = PBXBuildFile; fileRef = 6317D7082892D32E00192E5A /* v_fullScreenCover.swift */; };
		6317D70B2892D77200192E5A /* v_Tab.swift in Sources */ = {isa = PBXBuildFile; fileRef = 6317D70A2892D77200192E5A /* v_Tab.swift */; };
		6317D70D2892D86600192E5A /* v_Form.swift in Sources */ = {isa = PBXBuildFile; fileRef = 6317D70C2892D86600192E5A /* v_Form.swift */; };
		6317D70F2892DA1E00192E5A /* v_GroupBox.swift in Sources */ = {isa = PBXBuildFile; fileRef = 6317D70E2892DA1E00192E5A /* v_GroupBox.swift */; };
		6317D7112892DDA700192E5A /* v_OutlineGroup.swift in Sources */ = {isa = PBXBuildFile; fileRef = 6317D7102892DDA700192E5A /* v_OutlineGroup.swift */; };
		6317D7132892DE1C00192E5A /* v_DisclosureGroup.swift in Sources */ = {isa = PBXBuildFile; fileRef = 6317D7122892DE1C00192E5A /* v_DisclosureGroup.swift */; };
		6317D7152892DE8000192E5A /* v_Table.swift in Sources */ = {isa = PBXBuildFile; fileRef = 6317D7142892DE8000192E5A /* v_Table.swift */; };
		6317D7172892E03700192E5A /* v_TimelineView.swift in Sources */ = {isa = PBXBuildFile; fileRef = 6317D7162892E03700192E5A /* v_TimelineView.swift */; };
		632081D828A2B0C400B9D888 /* Resouces.bundle in Resources */ = {isa = PBXBuildFile; fileRef = 632081D728A2B0C400B9D888 /* Resouces.bundle */; };
		6327DE3F28A5379D0097F3BF /* MainSceneDelegate.swift in Sources */ = {isa = PBXBuildFile; fileRef = 6327DE3E28A5379D0097F3BF /* MainSceneDelegate.swift */; };
		6327FA6228957E440091BB9B /* p_tabbar.swift in Sources */ = {isa = PBXBuildFile; fileRef = 6327FA6128957E440091BB9B /* p_tabbar.swift */; };
		6327FA6428958B740091BB9B /* RootView.swift in Sources */ = {isa = PBXBuildFile; fileRef = 6327FA6328958B740091BB9B /* RootView.swift */; };
		635108062898220A00999B3D /* chart_LineMark.swift in Sources */ = {isa = PBXBuildFile; fileRef = 635108052898220A00999B3D /* chart_LineMark.swift */; };
		635108082898260F00999B3D /* chart_PointMark.swift in Sources */ = {isa = PBXBuildFile; fileRef = 635108072898260F00999B3D /* chart_PointMark.swift */; };
		63545EF52897F1450054FFBB /* api_getSystemInfo.swift in Sources */ = {isa = PBXBuildFile; fileRef = 63545EF42897F1450054FFBB /* api_getSystemInfo.swift */; };
		63556DD6289976870020ABDD /* p_ScrollWithRotate3DEffect.swift in Sources */ = {isa = PBXBuildFile; fileRef = 63556DD5289976870020ABDD /* p_ScrollWithRotate3DEffect.swift */; };
		63556DD8289977AF0020ABDD /* p_loading.swift in Sources */ = {isa = PBXBuildFile; fileRef = 63556DD7289977AF0020ABDD /* p_loading.swift */; };
		63556DDA289978920020ABDD /* p_modal.swift in Sources */ = {isa = PBXBuildFile; fileRef = 63556DD9289978920020ABDD /* p_modal.swift */; };
		635DB87A28917CBE0019BC3B /* v_TextEditor.swift in Sources */ = {isa = PBXBuildFile; fileRef = 635DB87928917CBE0019BC3B /* v_TextEditor.swift */; };
		635DB87E2891801C0019BC3B /* ComponentsView.swift in Sources */ = {isa = PBXBuildFile; fileRef = 635DB87D2891801C0019BC3B /* ComponentsView.swift */; };
		635DB8812891819E0019BC3B /* v_Layout.swift in Sources */ = {isa = PBXBuildFile; fileRef = 635DB8802891819E0019BC3B /* v_Layout.swift */; };
		636104D828962D66000DA851 /* p_swipeActions.swift in Sources */ = {isa = PBXBuildFile; fileRef = 636104D728962D66000DA851 /* p_swipeActions.swift */; };
		636104DA289631FA000DA851 /* v_swipeActions.swift in Sources */ = {isa = PBXBuildFile; fileRef = 636104D9289631FA000DA851 /* v_swipeActions.swift */; };
		636104DF289654BF000DA851 /* NavigationBar.swift in Sources */ = {isa = PBXBuildFile; fileRef = 636104DE289654BF000DA851 /* NavigationBar.swift */; };
		636104E128966A7E000DA851 /* p_tabview.swift in Sources */ = {isa = PBXBuildFile; fileRef = 636104E028966A7E000DA851 /* p_tabview.swift */; };
		636104E328967CCA000DA851 /* v_Gradient.swift in Sources */ = {isa = PBXBuildFile; fileRef = 636104E228967CCA000DA851 /* v_Gradient.swift */; };
		6361C5A22897F6C300D32F21 /* API.swift in Sources */ = {isa = PBXBuildFile; fileRef = 6361C5A12897F6C300D32F21 /* API.swift */; };
		6361C5A42898177A00D32F21 /* chart_BarMark.swift in Sources */ = {isa = PBXBuildFile; fileRef = 6361C5A32898177A00D32F21 /* chart_BarMark.swift */; };
		6373BB272893595C0002A084 /* v_List.swift in Sources */ = {isa = PBXBuildFile; fileRef = 6373BB262893595C0002A084 /* v_List.swift */; };
		6373BB29289364E50002A084 /* v_ScrollView.swift in Sources */ = {isa = PBXBuildFile; fileRef = 6373BB28289364E50002A084 /* v_ScrollView.swift */; };
		6373BB2B289367F50002A084 /* v_ScrollViewReader.swift in Sources */ = {isa = PBXBuildFile; fileRef = 6373BB2A289367F50002A084 /* v_ScrollViewReader.swift */; };
		6373BB2D289369B10002A084 /* v_Navigation.swift in Sources */ = {isa = PBXBuildFile; fileRef = 6373BB2C289369B10002A084 /* v_Navigation.swift */; };
		63772DE2289BFB4300BB56AD /* api_URLSession.swift in Sources */ = {isa = PBXBuildFile; fileRef = 63772DE1289BFB4300BB56AD /* api_URLSession.swift */; };
		6384F9E1289C98E1005BDC98 /* api_URLSession_Post.swift in Sources */ = {isa = PBXBuildFile; fileRef = 6384F9E0289C98E1005BDC98 /* api_URLSession_Post.swift */; };
		6389EE9928A1683E002B6E4A /* api_HealthKit.swift in Sources */ = {isa = PBXBuildFile; fileRef = 6389EE9828A1683E002B6E4A /* api_HealthKit.swift */; };
		639BA7AF28941789007C2797 /* v_Divider.swift in Sources */ = {isa = PBXBuildFile; fileRef = 639BA7AE28941789007C2797 /* v_Divider.swift */; };
		639BA7B128941C1D007C2797 /* v_Spacer.swift in Sources */ = {isa = PBXBuildFile; fileRef = 639BA7B028941C1D007C2797 /* v_Spacer.swift */; };
		639BA7B3289420C4007C2797 /* v_ProgressView.swift in Sources */ = {isa = PBXBuildFile; fileRef = 639BA7B2289420C4007C2797 /* v_ProgressView.swift */; };
		639BA7B72894229B007C2797 /* v_Canvas.swift in Sources */ = {isa = PBXBuildFile; fileRef = 639BA7B62894229B007C2797 /* v_Canvas.swift */; };
		639BA7B928942CBD007C2797 /* Examples.swift in Sources */ = {isa = PBXBuildFile; fileRef = 639BA7B828942CBD007C2797 /* Examples.swift */; };
		639BA7BC28942D5F007C2797 /* p_navigation.swift in Sources */ = {isa = PBXBuildFile; fileRef = 639BA7BB28942D5F007C2797 /* p_navigation.swift */; };
		639D2A1A289833B200B3AEF3 /* p_tmp.swift in Sources */ = {isa = PBXBuildFile; fileRef = 639D2A19289833B200B3AEF3 /* p_tmp.swift */; };
		63AAAD592890C65F005F1C20 /* v_Input.swift in Sources */ = {isa = PBXBuildFile; fileRef = 63AAAD582890C65F005F1C20 /* v_Input.swift */; };
		63AC4B0D28916D71004B4A45 /* v_Button.swift in Sources */ = {isa = PBXBuildFile; fileRef = 63AC4B0C28916D71004B4A45 /* v_Button.swift */; };
		63AC4B0F289177C3004B4A45 /* v_Label.swift in Sources */ = {isa = PBXBuildFile; fileRef = 63AC4B0E289177C3004B4A45 /* v_Label.swift */; };
		63AFF201289AAE5100C949E3 /* p_markdownWithAttributedString.swift in Sources */ = {isa = PBXBuildFile; fileRef = 63AFF200289AAE5100C949E3 /* p_markdownWithAttributedString.swift */; };
		63AFF203289AAE6600C949E3 /* api_UserDefaults.swift in Sources */ = {isa = PBXBuildFile; fileRef = 63AFF202289AAE6600C949E3 /* api_UserDefaults.swift */; };
		63B73568289D4E1500CA74C8 /* api_clipboard.swift in Sources */ = {isa = PBXBuildFile; fileRef = 63B73567289D4E1500CA74C8 /* api_clipboard.swift */; };
		63B7356A289D517B00CA74C8 /* styles.swift in Sources */ = {isa = PBXBuildFile; fileRef = 63B73569289D517B00CA74C8 /* styles.swift */; };
		63BE461D2894F59400FB9844 /* v_Popover.swift in Sources */ = {isa = PBXBuildFile; fileRef = 63BE461C2894F59400FB9844 /* v_Popover.swift */; };
		63BE461F2894FE1000FB9844 /* v_Dialog.swift in Sources */ = {isa = PBXBuildFile; fileRef = 63BE461E2894FE1000FB9844 /* v_Dialog.swift */; };
		63C0954A2899620F00498562 /* Shadow.swift in Sources */ = {isa = PBXBuildFile; fileRef = 63C095492899620F00498562 /* Shadow.swift */; };
		63C0954C2899628D00498562 /* Mask.swift in Sources */ = {isa = PBXBuildFile; fileRef = 63C0954B2899628D00498562 /* Mask.swift */; };
		63C0954E2899644B00498562 /* a_withAnimation.swift in Sources */ = {isa = PBXBuildFile; fileRef = 63C0954D2899644B00498562 /* a_withAnimation.swift */; };
		63C09550289964DE00498562 /* Transitions.swift in Sources */ = {isa = PBXBuildFile; fileRef = 63C0954F289964DE00498562 /* Transitions.swift */; };
		63C095532899684F00498562 /* Timing.swift in Sources */ = {isa = PBXBuildFile; fileRef = 63C095522899684F00498562 /* Timing.swift */; };
		63C095552899689100498562 /* Effect.swift in Sources */ = {isa = PBXBuildFile; fileRef = 63C095542899689100498562 /* Effect.swift */; };
		63C0955728996B1400498562 /* TapDelay.swift in Sources */ = {isa = PBXBuildFile; fileRef = 63C0955628996B1400498562 /* TapDelay.swift */; };
		63C35C2328A14AFA00AFA350 /* api_CoreLocation.swift in Sources */ = {isa = PBXBuildFile; fileRef = 63C35C2228A14AFA00AFA350 /* api_CoreLocation.swift */; };
		63C35C2528A1618900AFA350 /* api_CoreLocationUI.swift in Sources */ = {isa = PBXBuildFile; fileRef = 63C35C2428A1618900AFA350 /* api_CoreLocationUI.swift */; };
		63CDEB9A28A69879000077E9 /* ViewController.swift in Sources */ = {isa = PBXBuildFile; fileRef = 63CDEB9928A69879000077E9 /* ViewController.swift */; };
		63D8625728A7279F00EC9CCE /* UserLogin.swift in Sources */ = {isa = PBXBuildFile; fileRef = 63D8625628A7279F00EC9CCE /* UserLogin.swift */; };
		63D8625D28A76EC300EC9CCE /* api_RecordSound.swift in Sources */ = {isa = PBXBuildFile; fileRef = 63D8625C28A76EC300EC9CCE /* api_RecordSound.swift */; };
		63DA2555289E950E001EA6B1 /* api_PHPicker.swift in Sources */ = {isa = PBXBuildFile; fileRef = 63DA2554289E950E001EA6B1 /* api_PHPicker.swift */; };
		63DA2557289E9674001EA6B1 /* api_PhotosPicker.swift in Sources */ = {isa = PBXBuildFile; fileRef = 63DA2556289E9674001EA6B1 /* api_PhotosPicker.swift */; };
		63E3B2A9289DEF4000EECFC5 /* api_Contacts.swift in Sources */ = {isa = PBXBuildFile; fileRef = 63E3B2A8289DEF4000EECFC5 /* api_Contacts.swift */; };
		63E584A2289033AB00750F00 /* v_Text.swift in Sources */ = {isa = PBXBuildFile; fileRef = 63E584A1289033AB00750F00 /* v_Text.swift */; };
		63E81B9B289E470B00360F45 /* ToastView.swift in Sources */ = {isa = PBXBuildFile; fileRef = 63E81B9A289E470B00360F45 /* ToastView.swift */; };
		63E8CFD4288AEFEC00550E52 /* common.swift in Sources */ = {isa = PBXBuildFile; fileRef = 63E8CFD3288AEFEC00550E52 /* common.swift */; };
		63F2526B28995BD60055BCF0 /* p_toolbar.swift in Sources */ = {isa = PBXBuildFile; fileRef = 63F2526A28995BD60055BCF0 /* p_toolbar.swift */; };
		63F3F7EA2898B6BA008FEC16 /* p_environment.swift in Sources */ = {isa = PBXBuildFile; fileRef = 63F3F7E92898B6BA008FEC16 /* p_environment.swift */; };
		63F76BD32899DFF40028A4D4 /* v_Grid.swift in Sources */ = {isa = PBXBuildFile; fileRef = 63F76BD22899DFF40028A4D4 /* v_Grid.swift */; };
		63F76BD52899E6EA0028A4D4 /* api_audio.swift in Sources */ = {isa = PBXBuildFile; fileRef = 63F76BD42899E6EA0028A4D4 /* api_audio.swift */; };
		63FD9555289F91440069F691 /* api_camera_photo.swift in Sources */ = {isa = PBXBuildFile; fileRef = 63FD9554289F91440069F691 /* api_camera_photo.swift */; };
		63FD9557289F94670069F691 /* p_PageViewController.swift in Sources */ = {isa = PBXBuildFile; fileRef = 63FD9556289F94670069F691 /* p_PageViewController.swift */; };
		63FEF4162896872E00BC886C /* v_shape.swift in Sources */ = {isa = PBXBuildFile; fileRef = 63FEF4152896872E00BC886C /* v_shape.swift */; };
		63FEF4182896B18000BC886C /* v_Gesture.swift in Sources */ = {isa = PBXBuildFile; fileRef = 63FEF4172896B18000BC886C /* v_Gesture.swift */; };
		6DCA8C875B2A510BC4C4A978 /* libPods-HelloSwift.a in Frameworks */ = {isa = PBXBuildFile; fileRef = E68F7D8EEFD9890432ED7577 /* libPods-HelloSwift.a */; };
		E52ECFB52893A4360051D2DE /* v_Image.swift in Sources */ = {isa = PBXBuildFile; fileRef = E52ECFB42893A4360051D2DE /* v_Image.swift */; };
		E52ECFB72893A7AE0051D2DE /* v_Alert.swift in Sources */ = {isa = PBXBuildFile; fileRef = E52ECFB62893A7AE0051D2DE /* v_Alert.swift */; };
		E52ECFB92893A8860051D2DE /* v_ActionSheet.swift in Sources */ = {isa = PBXBuildFile; fileRef = E52ECFB82893A8860051D2DE /* v_ActionSheet.swift */; };
		E52ECFBC2893AAC40051D2DE /* v_Maps.swift in Sources */ = {isa = PBXBuildFile; fileRef = E52ECFBB2893AAC40051D2DE /* v_Maps.swift */; };
		E56AFA37288ABE6300978D59 /* SearchBarView.swift in Sources */ = {isa = PBXBuildFile; fileRef = E56AFA36288ABE6300978D59 /* SearchBarView.swift */; };
		E57E0ABD2892931500B86669 /* v_Picker.swift in Sources */ = {isa = PBXBuildFile; fileRef = E57E0ABC2892931500B86669 /* v_Picker.swift */; };
		E586EC072892324100360671 /* v_Slider.swift in Sources */ = {isa = PBXBuildFile; fileRef = E586EC062892324100360671 /* v_Slider.swift */; };
		E59233F2288FB50C001714F5 /* TabbarDefault.swift in Sources */ = {isa = PBXBuildFile; fileRef = E59233F1288FB50C001714F5 /* TabbarDefault.swift */; };
		E5C85285288A51B500BBB795 /* HelloSwift.swift in Sources */ = {isa = PBXBuildFile; fileRef = E5C85284288A51B500BBB795 /* HelloSwift.swift */; };
		E5C85289288A51B700BBB795 /* Assets.xcassets in Resources */ = {isa = PBXBuildFile; fileRef = E5C85288288A51B700BBB795 /* Assets.xcassets */; };
		E5CE5CAE289252B800BC7FF1 /* v_Toggle.swift in Sources */ = {isa = PBXBuildFile; fileRef = E5CE5CAD289252B800BC7FF1 /* v_Toggle.swift */; };
		E5CE5CB328925B0600BC7FF1 /* v_Link.swift in Sources */ = {isa = PBXBuildFile; fileRef = E5CE5CB228925B0600BC7FF1 /* v_Link.swift */; };
		E5CE5CB528925DFD00BC7FF1 /* v_Menu.swift in Sources */ = {isa = PBXBuildFile; fileRef = E5CE5CB428925DFD00BC7FF1 /* v_Menu.swift */; };
		E5CE5CB72892602500BC7FF1 /* v_Stepper.swift in Sources */ = {isa = PBXBuildFile; fileRef = E5CE5CB62892602500BC7FF1 /* v_Stepper.swift */; };
		E5D7EA9D288A814A0021B6E6 /* todoMainPageView.swift in Sources */ = {isa = PBXBuildFile; fileRef = E5D7EA9C288A814A0021B6E6 /* todoMainPageView.swift */; };
		E5D7EA9F288A815C0021B6E6 /* todoAddPageView.swift in Sources */ = {isa = PBXBuildFile; fileRef = E5D7EA9E288A815C0021B6E6 /* todoAddPageView.swift */; };
/* End PBXBuildFile section */

/* Begin PBXCopyFilesBuildPhase section */
		631790432899505C00A45C93 /* Embed Foundation Extensions */ = {
			isa = PBXCopyFilesBuildPhase;
			buildActionMask = 2147483647;
			dstPath = "";
			dstSubfolderSpec = 13;
			files = (
			);
			name = "Embed Foundation Extensions";
			runOnlyForDeploymentPostprocessing = 0;
		};
/* End PBXCopyFilesBuildPhase section */

/* Begin PBXFileReference section */
		3F3DA4E2CBD25B6739ECCFE1 /* Pods-HelloSwift.debug.xcconfig */ = {isa = PBXFileReference; includeInIndex = 1; lastKnownFileType = text.xcconfig; name = "Pods-HelloSwift.debug.xcconfig"; path = "Target Support Files/Pods-HelloSwift/Pods-HelloSwift.debug.xcconfig"; sourceTree = "<group>"; };
		623FDE838B80780113AAD684 /* Pods-HelloSwift.release.xcconfig */ = {isa = PBXFileReference; includeInIndex = 1; lastKnownFileType = text.xcconfig; name = "Pods-HelloSwift.release.xcconfig"; path = "Target Support Files/Pods-HelloSwift/Pods-HelloSwift.release.xcconfig"; sourceTree = "<group>"; };
		630059DC28A8A5E400092B66 /* Launch Screen.storyboard */ = {isa = PBXFileReference; lastKnownFileType = file.storyboard; path = "Launch Screen.storyboard"; sourceTree = "<group>"; };
		6300703728A1F83100EE378D /* HelloSwift.entitlements */ = {isa = PBXFileReference; lastKnownFileType = text.plist.entitlements; path = HelloSwift.entitlements; sourceTree = "<group>"; };
		6309715128950FCC00138FAD /* Home.swift */ = {isa = PBXFileReference; lastKnownFileType = sourcecode.swift; path = Home.swift; sourceTree = "<group>"; };
		63168D0428997BF200C7D0DC /* api_video.swift */ = {isa = PBXFileReference; lastKnownFileType = sourcecode.swift; path = api_video.swift; sourceTree = "<group>"; };
		63179026289947B100A45C93 /* api_share.swift */ = {isa = PBXFileReference; lastKnownFileType = sourcecode.swift; path = api_share.swift; sourceTree = "<group>"; };
		6317902828994F6C00A45C93 /* p_StatusBarBackgroundOnScroll.swift */ = {isa = PBXFileReference; lastKnownFileType = sourcecode.swift; path = p_StatusBarBackgroundOnScroll.swift; sourceTree = "<group>"; };
		6317D7062892D20900192E5A /* v_Sheet.swift */ = {isa = PBXFileReference; lastKnownFileType = sourcecode.swift; path = v_Sheet.swift; sourceTree = "<group>"; };
		6317D7082892D32E00192E5A /* v_fullScreenCover.swift */ = {isa = PBXFileReference; lastKnownFileType = sourcecode.swift; path = v_fullScreenCover.swift; sourceTree = "<group>"; };
		6317D70A2892D77200192E5A /* v_Tab.swift */ = {isa = PBXFileReference; lastKnownFileType = sourcecode.swift; path = v_Tab.swift; sourceTree = "<group>"; };
		6317D70C2892D86600192E5A /* v_Form.swift */ = {isa = PBXFileReference; lastKnownFileType = sourcecode.swift; path = v_Form.swift; sourceTree = "<group>"; };
		6317D70E2892DA1E00192E5A /* v_GroupBox.swift */ = {isa = PBXFileReference; lastKnownFileType = sourcecode.swift; path = v_GroupBox.swift; sourceTree = "<group>"; };
		6317D7102892DDA700192E5A /* v_OutlineGroup.swift */ = {isa = PBXFileReference; lastKnownFileType = sourcecode.swift; path = v_OutlineGroup.swift; sourceTree = "<group>"; };
		6317D7122892DE1C00192E5A /* v_DisclosureGroup.swift */ = {isa = PBXFileReference; lastKnownFileType = sourcecode.swift; path = v_DisclosureGroup.swift; sourceTree = "<group>"; };
		6317D7142892DE8000192E5A /* v_Table.swift */ = {isa = PBXFileReference; lastKnownFileType = sourcecode.swift; path = v_Table.swift; sourceTree = "<group>"; };
		6317D7162892E03700192E5A /* v_TimelineView.swift */ = {isa = PBXFileReference; lastKnownFileType = sourcecode.swift; path = v_TimelineView.swift; sourceTree = "<group>"; };
		632081D728A2B0C400B9D888 /* Resouces.bundle */ = {isa = PBXFileReference; lastKnownFileType = "wrapper.plug-in"; path = Resouces.bundle; sourceTree = "<group>"; };
		6320823028A2B1C100B9D888 /* Preview Assets.xcassets */ = {isa = PBXFileReference; lastKnownFileType = folder.assetcatalog; path = "Preview Assets.xcassets"; sourceTree = "<group>"; };
		6327DE3D28A532300097F3BF /* HelloSwift-Info.plist */ = {isa = PBXFileReference; lastKnownFileType = text.plist; path = "HelloSwift-Info.plist"; sourceTree = "<group>"; };
		6327DE3E28A5379D0097F3BF /* MainSceneDelegate.swift */ = {isa = PBXFileReference; lastKnownFileType = sourcecode.swift; path = MainSceneDelegate.swift; sourceTree = "<group>"; };
		6327FA6128957E440091BB9B /* p_tabbar.swift */ = {isa = PBXFileReference; lastKnownFileType = sourcecode.swift; path = p_tabbar.swift; sourceTree = "<group>"; };
		6327FA6328958B740091BB9B /* RootView.swift */ = {isa = PBXFileReference; lastKnownFileType = sourcecode.swift; path = RootView.swift; sourceTree = "<group>"; };
		635108052898220A00999B3D /* chart_LineMark.swift */ = {isa = PBXFileReference; lastKnownFileType = sourcecode.swift; path = chart_LineMark.swift; sourceTree = "<group>"; };
		635108072898260F00999B3D /* chart_PointMark.swift */ = {isa = PBXFileReference; lastKnownFileType = sourcecode.swift; path = chart_PointMark.swift; sourceTree = "<group>"; };
		63545EF42897F1450054FFBB /* api_getSystemInfo.swift */ = {isa = PBXFileReference; lastKnownFileType = sourcecode.swift; path = api_getSystemInfo.swift; sourceTree = "<group>"; };
		63556DD5289976870020ABDD /* p_ScrollWithRotate3DEffect.swift */ = {isa = PBXFileReference; lastKnownFileType = sourcecode.swift; path = p_ScrollWithRotate3DEffect.swift; sourceTree = "<group>"; };
		63556DD7289977AF0020ABDD /* p_loading.swift */ = {isa = PBXFileReference; lastKnownFileType = sourcecode.swift; path = p_loading.swift; sourceTree = "<group>"; };
		63556DD9289978920020ABDD /* p_modal.swift */ = {isa = PBXFileReference; lastKnownFileType = sourcecode.swift; path = p_modal.swift; sourceTree = "<group>"; };
		635DB87928917CBE0019BC3B /* v_TextEditor.swift */ = {isa = PBXFileReference; lastKnownFileType = sourcecode.swift; path = v_TextEditor.swift; sourceTree = "<group>"; };
		635DB87D2891801C0019BC3B /* ComponentsView.swift */ = {isa = PBXFileReference; lastKnownFileType = sourcecode.swift; path = ComponentsView.swift; sourceTree = "<group>"; };
		635DB8802891819E0019BC3B /* v_Layout.swift */ = {isa = PBXFileReference; lastKnownFileType = sourcecode.swift; path = v_Layout.swift; sourceTree = "<group>"; };
		636104D728962D66000DA851 /* p_swipeActions.swift */ = {isa = PBXFileReference; lastKnownFileType = sourcecode.swift; path = p_swipeActions.swift; sourceTree = "<group>"; };
		636104D9289631FA000DA851 /* v_swipeActions.swift */ = {isa = PBXFileReference; lastKnownFileType = sourcecode.swift; path = v_swipeActions.swift; sourceTree = "<group>"; };
		636104DE289654BF000DA851 /* NavigationBar.swift */ = {isa = PBXFileReference; lastKnownFileType = sourcecode.swift; path = NavigationBar.swift; sourceTree = "<group>"; };
		636104E028966A7E000DA851 /* p_tabview.swift */ = {isa = PBXFileReference; lastKnownFileType = sourcecode.swift; path = p_tabview.swift; sourceTree = "<group>"; };
		636104E228967CCA000DA851 /* v_Gradient.swift */ = {isa = PBXFileReference; lastKnownFileType = sourcecode.swift; path = v_Gradient.swift; sourceTree = "<group>"; };
		6361C5A12897F6C300D32F21 /* API.swift */ = {isa = PBXFileReference; lastKnownFileType = sourcecode.swift; path = API.swift; sourceTree = "<group>"; };
		6361C5A32898177A00D32F21 /* chart_BarMark.swift */ = {isa = PBXFileReference; lastKnownFileType = sourcecode.swift; path = chart_BarMark.swift; sourceTree = "<group>"; };
		6373BB262893595C0002A084 /* v_List.swift */ = {isa = PBXFileReference; lastKnownFileType = sourcecode.swift; path = v_List.swift; sourceTree = "<group>"; };
		6373BB28289364E50002A084 /* v_ScrollView.swift */ = {isa = PBXFileReference; lastKnownFileType = sourcecode.swift; path = v_ScrollView.swift; sourceTree = "<group>"; };
		6373BB2A289367F50002A084 /* v_ScrollViewReader.swift */ = {isa = PBXFileReference; lastKnownFileType = sourcecode.swift; path = v_ScrollViewReader.swift; sourceTree = "<group>"; };
		6373BB2C289369B10002A084 /* v_Navigation.swift */ = {isa = PBXFileReference; lastKnownFileType = sourcecode.swift; path = v_Navigation.swift; sourceTree = "<group>"; };
		63772DE1289BFB4300BB56AD /* api_URLSession.swift */ = {isa = PBXFileReference; lastKnownFileType = sourcecode.swift; path = api_URLSession.swift; sourceTree = "<group>"; };
		6384F9E0289C98E1005BDC98 /* api_URLSession_Post.swift */ = {isa = PBXFileReference; lastKnownFileType = sourcecode.swift; path = api_URLSession_Post.swift; sourceTree = "<group>"; };
		6389EE9828A1683E002B6E4A /* api_HealthKit.swift */ = {isa = PBXFileReference; lastKnownFileType = sourcecode.swift; path = api_HealthKit.swift; sourceTree = "<group>"; };
		639BA7AE28941789007C2797 /* v_Divider.swift */ = {isa = PBXFileReference; lastKnownFileType = sourcecode.swift; path = v_Divider.swift; sourceTree = "<group>"; };
		639BA7B028941C1D007C2797 /* v_Spacer.swift */ = {isa = PBXFileReference; lastKnownFileType = sourcecode.swift; path = v_Spacer.swift; sourceTree = "<group>"; };
		639BA7B2289420C4007C2797 /* v_ProgressView.swift */ = {isa = PBXFileReference; lastKnownFileType = sourcecode.swift; path = v_ProgressView.swift; sourceTree = "<group>"; };
		639BA7B62894229B007C2797 /* v_Canvas.swift */ = {isa = PBXFileReference; lastKnownFileType = sourcecode.swift; path = v_Canvas.swift; sourceTree = "<group>"; };
		639BA7B828942CBD007C2797 /* Examples.swift */ = {isa = PBXFileReference; lastKnownFileType = sourcecode.swift; path = Examples.swift; sourceTree = "<group>"; };
		639BA7BB28942D5F007C2797 /* p_navigation.swift */ = {isa = PBXFileReference; lastKnownFileType = sourcecode.swift; path = p_navigation.swift; sourceTree = "<group>"; };
		639D2A19289833B200B3AEF3 /* p_tmp.swift */ = {isa = PBXFileReference; lastKnownFileType = sourcecode.swift; path = p_tmp.swift; sourceTree = "<group>"; };
		63AAAD582890C65F005F1C20 /* v_Input.swift */ = {isa = PBXFileReference; lastKnownFileType = sourcecode.swift; path = v_Input.swift; sourceTree = "<group>"; };
		63AC4B0C28916D71004B4A45 /* v_Button.swift */ = {isa = PBXFileReference; lastKnownFileType = sourcecode.swift; path = v_Button.swift; sourceTree = "<group>"; };
		63AC4B0E289177C3004B4A45 /* v_Label.swift */ = {isa = PBXFileReference; lastKnownFileType = sourcecode.swift; path = v_Label.swift; sourceTree = "<group>"; };
		63AFF200289AAE5100C949E3 /* p_markdownWithAttributedString.swift */ = {isa = PBXFileReference; lastKnownFileType = sourcecode.swift; path = p_markdownWithAttributedString.swift; sourceTree = "<group>"; };
		63AFF202289AAE6600C949E3 /* api_UserDefaults.swift */ = {isa = PBXFileReference; lastKnownFileType = sourcecode.swift; path = api_UserDefaults.swift; sourceTree = "<group>"; };
		63B73567289D4E1500CA74C8 /* api_clipboard.swift */ = {isa = PBXFileReference; lastKnownFileType = sourcecode.swift; path = api_clipboard.swift; sourceTree = "<group>"; };
		63B73569289D517B00CA74C8 /* styles.swift */ = {isa = PBXFileReference; lastKnownFileType = sourcecode.swift; path = styles.swift; sourceTree = "<group>"; };
		63BE461C2894F59400FB9844 /* v_Popover.swift */ = {isa = PBXFileReference; lastKnownFileType = sourcecode.swift; path = v_Popover.swift; sourceTree = "<group>"; };
		63BE461E2894FE1000FB9844 /* v_Dialog.swift */ = {isa = PBXFileReference; lastKnownFileType = sourcecode.swift; path = v_Dialog.swift; sourceTree = "<group>"; };
		63C095492899620F00498562 /* Shadow.swift */ = {isa = PBXFileReference; lastKnownFileType = sourcecode.swift; path = Shadow.swift; sourceTree = "<group>"; };
		63C0954B2899628D00498562 /* Mask.swift */ = {isa = PBXFileReference; lastKnownFileType = sourcecode.swift; path = Mask.swift; sourceTree = "<group>"; };
		63C0954D2899644B00498562 /* a_withAnimation.swift */ = {isa = PBXFileReference; lastKnownFileType = sourcecode.swift; path = a_withAnimation.swift; sourceTree = "<group>"; };
		63C0954F289964DE00498562 /* Transitions.swift */ = {isa = PBXFileReference; lastKnownFileType = sourcecode.swift; path = Transitions.swift; sourceTree = "<group>"; };
		63C095522899684F00498562 /* Timing.swift */ = {isa = PBXFileReference; lastKnownFileType = sourcecode.swift; path = Timing.swift; sourceTree = "<group>"; };
		63C095542899689100498562 /* Effect.swift */ = {isa = PBXFileReference; lastKnownFileType = sourcecode.swift; path = Effect.swift; sourceTree = "<group>"; };
		63C0955628996B1400498562 /* TapDelay.swift */ = {isa = PBXFileReference; lastKnownFileType = sourcecode.swift; path = TapDelay.swift; sourceTree = "<group>"; };
		63C35C2228A14AFA00AFA350 /* api_CoreLocation.swift */ = {isa = PBXFileReference; lastKnownFileType = sourcecode.swift; path = api_CoreLocation.swift; sourceTree = "<group>"; };
		63C35C2428A1618900AFA350 /* api_CoreLocationUI.swift */ = {isa = PBXFileReference; lastKnownFileType = sourcecode.swift; path = api_CoreLocationUI.swift; sourceTree = "<group>"; };
		63CDEB9928A69879000077E9 /* ViewController.swift */ = {isa = PBXFileReference; lastKnownFileType = sourcecode.swift; path = ViewController.swift; sourceTree = "<group>"; };
		63D8625628A7279F00EC9CCE /* UserLogin.swift */ = {isa = PBXFileReference; lastKnownFileType = sourcecode.swift; path = UserLogin.swift; sourceTree = "<group>"; };
		63D8625C28A76EC300EC9CCE /* api_RecordSound.swift */ = {isa = PBXFileReference; lastKnownFileType = sourcecode.swift; path = api_RecordSound.swift; sourceTree = "<group>"; };
		63DA2554289E950E001EA6B1 /* api_PHPicker.swift */ = {isa = PBXFileReference; lastKnownFileType = sourcecode.swift; path = api_PHPicker.swift; sourceTree = "<group>"; };
		63DA2556289E9674001EA6B1 /* api_PhotosPicker.swift */ = {isa = PBXFileReference; lastKnownFileType = sourcecode.swift; path = api_PhotosPicker.swift; sourceTree = "<group>"; };
		63E3B2A8289DEF4000EECFC5 /* api_Contacts.swift */ = {isa = PBXFileReference; lastKnownFileType = sourcecode.swift; path = api_Contacts.swift; sourceTree = "<group>"; };
		63E584A1289033AB00750F00 /* v_Text.swift */ = {isa = PBXFileReference; lastKnownFileType = sourcecode.swift; path = v_Text.swift; sourceTree = "<group>"; usesTabs = 0; };
		63E81B9A289E470B00360F45 /* ToastView.swift */ = {isa = PBXFileReference; lastKnownFileType = sourcecode.swift; path = ToastView.swift; sourceTree = "<group>"; };
		63E8CFD2288AEDA600550E52 /* JetBrainsMono-Light.ttf */ = {isa = PBXFileReference; lastKnownFileType = file; path = "JetBrainsMono-Light.ttf"; sourceTree = "<group>"; };
		63E8CFD3288AEFEC00550E52 /* common.swift */ = {isa = PBXFileReference; lastKnownFileType = sourcecode.swift; path = common.swift; sourceTree = "<group>"; };
		63F2526A28995BD60055BCF0 /* p_toolbar.swift */ = {isa = PBXFileReference; lastKnownFileType = sourcecode.swift; path = p_toolbar.swift; sourceTree = "<group>"; };
		63F3F7E92898B6BA008FEC16 /* p_environment.swift */ = {isa = PBXFileReference; lastKnownFileType = sourcecode.swift; path = p_environment.swift; sourceTree = "<group>"; };
		63F76BD22899DFF40028A4D4 /* v_Grid.swift */ = {isa = PBXFileReference; lastKnownFileType = sourcecode.swift; path = v_Grid.swift; sourceTree = "<group>"; };
		63F76BD42899E6EA0028A4D4 /* api_audio.swift */ = {isa = PBXFileReference; lastKnownFileType = sourcecode.swift; path = api_audio.swift; sourceTree = "<group>"; };
		63FD9554289F91440069F691 /* api_camera_photo.swift */ = {isa = PBXFileReference; lastKnownFileType = sourcecode.swift; path = api_camera_photo.swift; sourceTree = "<group>"; };
		63FD9556289F94670069F691 /* p_PageViewController.swift */ = {isa = PBXFileReference; lastKnownFileType = sourcecode.swift; path = p_PageViewController.swift; sourceTree = "<group>"; };
		63FEF4152896872E00BC886C /* v_shape.swift */ = {isa = PBXFileReference; lastKnownFileType = sourcecode.swift; path = v_shape.swift; sourceTree = "<group>"; };
		63FEF4172896B18000BC886C /* v_Gesture.swift */ = {isa = PBXFileReference; lastKnownFileType = sourcecode.swift; path = v_Gesture.swift; sourceTree = "<group>"; };
		E52ECFB42893A4360051D2DE /* v_Image.swift */ = {isa = PBXFileReference; lastKnownFileType = sourcecode.swift; path = v_Image.swift; sourceTree = "<group>"; };
		E52ECFB62893A7AE0051D2DE /* v_Alert.swift */ = {isa = PBXFileReference; lastKnownFileType = sourcecode.swift; path = v_Alert.swift; sourceTree = "<group>"; };
		E52ECFB82893A8860051D2DE /* v_ActionSheet.swift */ = {isa = PBXFileReference; lastKnownFileType = sourcecode.swift; path = v_ActionSheet.swift; sourceTree = "<group>"; };
		E52ECFBB2893AAC40051D2DE /* v_Maps.swift */ = {isa = PBXFileReference; lastKnownFileType = sourcecode.swift; path = v_Maps.swift; sourceTree = "<group>"; };
		E56AFA36288ABE6300978D59 /* SearchBarView.swift */ = {isa = PBXFileReference; lastKnownFileType = sourcecode.swift; path = SearchBarView.swift; sourceTree = "<group>"; };
		E57E0ABC2892931500B86669 /* v_Picker.swift */ = {isa = PBXFileReference; lastKnownFileType = sourcecode.swift; path = v_Picker.swift; sourceTree = "<group>"; };
		E586EC062892324100360671 /* v_Slider.swift */ = {isa = PBXFileReference; lastKnownFileType = sourcecode.swift; path = v_Slider.swift; sourceTree = "<group>"; };
		E59233F1288FB50C001714F5 /* TabbarDefault.swift */ = {isa = PBXFileReference; lastKnownFileType = sourcecode.swift; path = TabbarDefault.swift; sourceTree = "<group>"; };
		E5C85281288A51B500BBB795 /* HelloSwift.app */ = {isa = PBXFileReference; explicitFileType = wrapper.application; includeInIndex = 0; path = HelloSwift.app; sourceTree = BUILT_PRODUCTS_DIR; };
		E5C85284288A51B500BBB795 /* HelloSwift.swift */ = {isa = PBXFileReference; lastKnownFileType = sourcecode.swift; path = HelloSwift.swift; sourceTree = "<group>"; };
		E5C85288288A51B700BBB795 /* Assets.xcassets */ = {isa = PBXFileReference; lastKnownFileType = folder.assetcatalog; path = Assets.xcassets; sourceTree = "<group>"; };
		E5CE5CAD289252B800BC7FF1 /* v_Toggle.swift */ = {isa = PBXFileReference; lastKnownFileType = sourcecode.swift; path = v_Toggle.swift; sourceTree = "<group>"; };
		E5CE5CB228925B0600BC7FF1 /* v_Link.swift */ = {isa = PBXFileReference; lastKnownFileType = sourcecode.swift; path = v_Link.swift; sourceTree = "<group>"; };
		E5CE5CB428925DFD00BC7FF1 /* v_Menu.swift */ = {isa = PBXFileReference; lastKnownFileType = sourcecode.swift; path = v_Menu.swift; sourceTree = "<group>"; };
		E5CE5CB62892602500BC7FF1 /* v_Stepper.swift */ = {isa = PBXFileReference; lastKnownFileType = sourcecode.swift; path = v_Stepper.swift; sourceTree = "<group>"; };
		E5D7EA9C288A814A0021B6E6 /* todoMainPageView.swift */ = {isa = PBXFileReference; lastKnownFileType = sourcecode.swift; path = todoMainPageView.swift; sourceTree = "<group>"; };
		E5D7EA9E288A815C0021B6E6 /* todoAddPageView.swift */ = {isa = PBXFileReference; lastKnownFileType = sourcecode.swift; path = todoAddPageView.swift; sourceTree = "<group>"; };
		E68F7D8EEFD9890432ED7577 /* libPods-HelloSwift.a */ = {isa = PBXFileReference; explicitFileType = archive.ar; includeInIndex = 0; path = "libPods-HelloSwift.a"; sourceTree = BUILT_PRODUCTS_DIR; };
/* End PBXFileReference section */

/* Begin PBXFrameworksBuildPhase section */
		E5C8527E288A51B500BBB795 /* Frameworks */ = {
			isa = PBXFrameworksBuildPhase;
			buildActionMask = 2147483647;
			files = (
				6DCA8C875B2A510BC4C4A978 /* libPods-HelloSwift.a in Frameworks */,
			);
			runOnlyForDeploymentPostprocessing = 0;
		};
/* End PBXFrameworksBuildPhase section */

/* Begin PBXGroup section */
		3CA08E2EB1A645272ADAA9A8 /* Pods */ = {
			isa = PBXGroup;
			children = (
				3F3DA4E2CBD25B6739ECCFE1 /* Pods-HelloSwift.debug.xcconfig */,
				623FDE838B80780113AAD684 /* Pods-HelloSwift.release.xcconfig */,
			);
			path = Pods;
			sourceTree = "<group>";
		};
		6320822F28A2B1C100B9D888 /* Preview Content */ = {
			isa = PBXGroup;
			children = (
				6320823028A2B1C100B9D888 /* Preview Assets.xcassets */,
			);
			path = "Preview Content";
			sourceTree = "<group>";
		};
		63545EF32897F1320054FFBB /* API */ = {
			isa = PBXGroup;
			children = (
				63F76BD42899E6EA0028A4D4 /* api_audio.swift */,
				63FD9554289F91440069F691 /* api_camera_photo.swift */,
				63B73567289D4E1500CA74C8 /* api_clipboard.swift */,
				63E3B2A8289DEF4000EECFC5 /* api_Contacts.swift */,
				63545EF42897F1450054FFBB /* api_getSystemInfo.swift */,
				63DA2556289E9674001EA6B1 /* api_PhotosPicker.swift */,
				63DA2554289E950E001EA6B1 /* api_PHPicker.swift */,
				63179026289947B100A45C93 /* api_share.swift */,
				6384F9E0289C98E1005BDC98 /* api_URLSession_Post.swift */,
				63772DE1289BFB4300BB56AD /* api_URLSession.swift */,
				63AFF202289AAE6600C949E3 /* api_UserDefaults.swift */,
				63168D0428997BF200C7D0DC /* api_video.swift */,
				63C35C2228A14AFA00AFA350 /* api_CoreLocation.swift */,
				63C35C2428A1618900AFA350 /* api_CoreLocationUI.swift */,
				6389EE9828A1683E002B6E4A /* api_HealthKit.swift */,
				63D8625C28A76EC300EC9CCE /* api_RecordSound.swift */,
			);
			path = API;
			sourceTree = "<group>";
		};
		6386996E288C379100AF5E63 /* example_todo */ = {
			isa = PBXGroup;
			children = (
				E5D7EA9C288A814A0021B6E6 /* todoMainPageView.swift */,
				E5D7EA9E288A815C0021B6E6 /* todoAddPageView.swift */,
			);
			path = example_todo;
			sourceTree = "<group>";
		};
		63AFF204289AAE8B00C949E3 /* Components */ = {
			isa = PBXGroup;
			children = (
				6361C5A32898177A00D32F21 /* chart_BarMark.swift */,
				635108052898220A00999B3D /* chart_LineMark.swift */,
				635108072898260F00999B3D /* chart_PointMark.swift */,
				E52ECFB82893A8860051D2DE /* v_ActionSheet.swift */,
				E52ECFB62893A7AE0051D2DE /* v_Alert.swift */,
				63AC4B0C28916D71004B4A45 /* v_Button.swift */,
				639BA7B62894229B007C2797 /* v_Canvas.swift */,
				63BE461E2894FE1000FB9844 /* v_Dialog.swift */,
				6317D7122892DE1C00192E5A /* v_DisclosureGroup.swift */,
				639BA7AE28941789007C2797 /* v_Divider.swift */,
				6317D70C2892D86600192E5A /* v_Form.swift */,
				6317D7082892D32E00192E5A /* v_fullScreenCover.swift */,
				63FEF4172896B18000BC886C /* v_Gesture.swift */,
				636104E228967CCA000DA851 /* v_Gradient.swift */,
				63F76BD22899DFF40028A4D4 /* v_Grid.swift */,
				6317D70E2892DA1E00192E5A /* v_GroupBox.swift */,
				E52ECFB42893A4360051D2DE /* v_Image.swift */,
				63AAAD582890C65F005F1C20 /* v_Input.swift */,
				63AC4B0E289177C3004B4A45 /* v_Label.swift */,
				635DB8802891819E0019BC3B /* v_Layout.swift */,
				E5CE5CB228925B0600BC7FF1 /* v_Link.swift */,
				6373BB262893595C0002A084 /* v_List.swift */,
				E52ECFBB2893AAC40051D2DE /* v_Maps.swift */,
				E5CE5CB428925DFD00BC7FF1 /* v_Menu.swift */,
				6373BB2C289369B10002A084 /* v_Navigation.swift */,
				6317D7102892DDA700192E5A /* v_OutlineGroup.swift */,
				E57E0ABC2892931500B86669 /* v_Picker.swift */,
				63BE461C2894F59400FB9844 /* v_Popover.swift */,
				639BA7B2289420C4007C2797 /* v_ProgressView.swift */,
				6373BB28289364E50002A084 /* v_ScrollView.swift */,
				6373BB2A289367F50002A084 /* v_ScrollViewReader.swift */,
				63FEF4152896872E00BC886C /* v_shape.swift */,
				6317D7062892D20900192E5A /* v_Sheet.swift */,
				E586EC062892324100360671 /* v_Slider.swift */,
				639BA7B028941C1D007C2797 /* v_Spacer.swift */,
				E5CE5CB62892602500BC7FF1 /* v_Stepper.swift */,
				636104D9289631FA000DA851 /* v_swipeActions.swift */,
				6317D70A2892D77200192E5A /* v_Tab.swift */,
				6317D7142892DE8000192E5A /* v_Table.swift */,
				63E584A1289033AB00750F00 /* v_Text.swift */,
				635DB87928917CBE0019BC3B /* v_TextEditor.swift */,
				6317D7162892E03700192E5A /* v_TimelineView.swift */,
				E5CE5CAD289252B800BC7FF1 /* v_Toggle.swift */,
			);
			path = Components;
			sourceTree = "<group>";
		};
		63AFF205289AAED300C949E3 /* Animation */ = {
			isa = PBXGroup;
			children = (
				63C0954D2899644B00498562 /* a_withAnimation.swift */,
				63C095492899620F00498562 /* Shadow.swift */,
				63C0954B2899628D00498562 /* Mask.swift */,
				63C0954F289964DE00498562 /* Transitions.swift */,
				63C095522899684F00498562 /* Timing.swift */,
				63C095542899689100498562 /* Effect.swift */,
				63C0955628996B1400498562 /* TapDelay.swift */,
			);
			path = Animation;
			sourceTree = "<group>";
		};
		63AFF206289AAEF800C949E3 /* Views */ = {
			isa = PBXGroup;
			children = (
				6361C5A12897F6C300D32F21 /* API.swift */,
				635DB87D2891801C0019BC3B /* ComponentsView.swift */,
				639BA7B828942CBD007C2797 /* Examples.swift */,
				6309715128950FCC00138FAD /* Home.swift */,
				636104DE289654BF000DA851 /* NavigationBar.swift */,
				E59233F1288FB50C001714F5 /* TabbarDefault.swift */,
				63D8625628A7279F00EC9CCE /* UserLogin.swift */,
			);
			path = Views;
			sourceTree = "<group>";
		};
		63AFF207289AAF3900C949E3 /* Common */ = {
			isa = PBXGroup;
			children = (
				63E8CFD3288AEFEC00550E52 /* common.swift */,
				63B73569289D517B00CA74C8 /* styles.swift */,
				63E81B9A289E470B00360F45 /* ToastView.swift */,
			);
			path = Common;
			sourceTree = "<group>";
		};
		63E8CFD0288AEC5300550E52 /* Fonts */ = {
			isa = PBXGroup;
			children = (
				E56AFA36288ABE6300978D59 /* SearchBarView.swift */,
				63E8CFD2288AEDA600550E52 /* JetBrainsMono-Light.ttf */,
			);
			name = Fonts;
			sourceTree = "<group>";
		};
		C730522151671925BEFA54B5 /* Frameworks */ = {
			isa = PBXGroup;
			children = (
				E68F7D8EEFD9890432ED7577 /* libPods-HelloSwift.a */,
			);
			name = Frameworks;
			sourceTree = "<group>";
		};
		E59233EA288FA990001714F5 /* example */ = {
			isa = PBXGroup;
			children = (
				63F3F7E92898B6BA008FEC16 /* p_environment.swift */,
				63556DD7289977AF0020ABDD /* p_loading.swift */,
				63AFF200289AAE5100C949E3 /* p_markdownWithAttributedString.swift */,
				63556DD9289978920020ABDD /* p_modal.swift */,
				639BA7BB28942D5F007C2797 /* p_navigation.swift */,
				63556DD5289976870020ABDD /* p_ScrollWithRotate3DEffect.swift */,
				6317902828994F6C00A45C93 /* p_StatusBarBackgroundOnScroll.swift */,
				636104D728962D66000DA851 /* p_swipeActions.swift */,
				6327FA6128957E440091BB9B /* p_tabbar.swift */,
				636104E028966A7E000DA851 /* p_tabview.swift */,
				639D2A19289833B200B3AEF3 /* p_tmp.swift */,
				63F2526A28995BD60055BCF0 /* p_toolbar.swift */,
				63FD9556289F94670069F691 /* p_PageViewController.swift */,
			);
			path = example;
			sourceTree = "<group>";
		};
		E5C85278288A51B500BBB795 = {
			isa = PBXGroup;
			children = (
				6327DE3D28A532300097F3BF /* HelloSwift-Info.plist */,
				6300703728A1F83100EE378D /* HelloSwift.entitlements */,
				E5C85283288A51B500BBB795 /* hello */,
				E5C85282288A51B500BBB795 /* Products */,
				3CA08E2EB1A645272ADAA9A8 /* Pods */,
				C730522151671925BEFA54B5 /* Frameworks */,
			);
			sourceTree = "<group>";
		};
		E5C85282288A51B500BBB795 /* Products */ = {
			isa = PBXGroup;
			children = (
				E5C85281288A51B500BBB795 /* HelloSwift.app */,
			);
			name = Products;
			sourceTree = "<group>";
		};
		E5C85283288A51B500BBB795 /* hello */ = {
			isa = PBXGroup;
			children = (
				E5C85284288A51B500BBB795 /* HelloSwift.swift */,
				6327DE3E28A5379D0097F3BF /* MainSceneDelegate.swift */,
				63CDEB9928A69879000077E9 /* ViewController.swift */,
				6327FA6328958B740091BB9B /* RootView.swift */,
				E5C85288288A51B700BBB795 /* Assets.xcassets */,
				630059DC28A8A5E400092B66 /* Launch Screen.storyboard */,
				6320822F28A2B1C100B9D888 /* Preview Content */,
				632081D728A2B0C400B9D888 /* Resouces.bundle */,
				63AFF205289AAED300C949E3 /* Animation */,
				63545EF32897F1320054FFBB /* API */,
				63AFF207289AAF3900C949E3 /* Common */,
				63AFF204289AAE8B00C949E3 /* Components */,
				E59233EA288FA990001714F5 /* example */,
				6386996E288C379100AF5E63 /* example_todo */,
				63E8CFD0288AEC5300550E52 /* Fonts */,
				63AFF206289AAEF800C949E3 /* Views */,
			);
			path = hello;
			sourceTree = "<group>";
		};
/* End PBXGroup section */

/* Begin PBXNativeTarget section */
		E5C85280288A51B500BBB795 /* HelloSwift */ = {
			isa = PBXNativeTarget;
			buildConfigurationList = E5C8528F288A51B700BBB795 /* Build configuration list for PBXNativeTarget "HelloSwift" */;
			buildPhases = (
				5F99D226D1D9F3104CE28DC3 /* [CP] Check Pods Manifest.lock */,
				E5C8527D288A51B500BBB795 /* Sources */,
				E5C8527E288A51B500BBB795 /* Frameworks */,
				E5C8527F288A51B500BBB795 /* Resources */,
				631790432899505C00A45C93 /* Embed Foundation Extensions */,
			);
			buildRules = (
			);
			dependencies = (
			);
			name = HelloSwift;
			productName = format;
			productReference = E5C85281288A51B500BBB795 /* HelloSwift.app */;
			productType = "com.apple.product-type.application";
		};
/* End PBXNativeTarget section */

/* Begin PBXProject section */
		E5C85279288A51B500BBB795 /* Project object */ = {
			isa = PBXProject;
			attributes = {
				BuildIndependentTargetsInParallel = 1;
				LastSwiftUpdateCheck = 1400;
				LastUpgradeCheck = 1310;
				TargetAttributes = {
					E5C85280288A51B500BBB795 = {
						CreatedOnToolsVersion = 13.1;
					};
				};
			};
			buildConfigurationList = E5C8527C288A51B500BBB795 /* Build configuration list for PBXProject "HelloSwift" */;
			compatibilityVersion = "Xcode 13.0";
			developmentRegion = en;
			hasScannedForEncodings = 0;
			knownRegions = (
				en,
				"zh-Hans",
				Base,
			);
			mainGroup = E5C85278288A51B500BBB795;
			productRefGroup = E5C85282288A51B500BBB795 /* Products */;
			projectDirPath = "";
			projectRoot = "";
			targets = (
				E5C85280288A51B500BBB795 /* HelloSwift */,
			);
		};
/* End PBXProject section */

/* Begin PBXResourcesBuildPhase section */
		E5C8527F288A51B500BBB795 /* Resources */ = {
			isa = PBXResourcesBuildPhase;
			buildActionMask = 2147483647;
			files = (
				630059DD28A8A5E400092B66 /* Launch Screen.storyboard in Resources */,
				632081D828A2B0C400B9D888 /* Resouces.bundle in Resources */,
				E5C85289288A51B700BBB795 /* Assets.xcassets in Resources */,
			);
			runOnlyForDeploymentPostprocessing = 0;
		};
/* End PBXResourcesBuildPhase section */

/* Begin PBXShellScriptBuildPhase section */
		5F99D226D1D9F3104CE28DC3 /* [CP] Check Pods Manifest.lock */ = {
			isa = PBXShellScriptBuildPhase;
			buildActionMask = 2147483647;
			files = (
			);
			inputFileListPaths = (
			);
			inputPaths = (
				"${PODS_PODFILE_DIR_PATH}/Podfile.lock",
				"${PODS_ROOT}/Manifest.lock",
			);
			name = "[CP] Check Pods Manifest.lock";
			outputFileListPaths = (
			);
			outputPaths = (
				"$(DERIVED_FILE_DIR)/Pods-HelloSwift-checkManifestLockResult.txt",
			);
			runOnlyForDeploymentPostprocessing = 0;
			shellPath = /bin/sh;
			shellScript = "diff \"${PODS_PODFILE_DIR_PATH}/Podfile.lock\" \"${PODS_ROOT}/Manifest.lock\" > /dev/null\nif [ $? != 0 ] ; then\n    # print error to STDERR\n    echo \"error: The sandbox is not in sync with the Podfile.lock. Run 'pod install' or update your CocoaPods installation.\" >&2\n    exit 1\nfi\n# This output is used by Xcode 'outputs' to avoid re-running this script phase.\necho \"SUCCESS\" > \"${SCRIPT_OUTPUT_FILE_0}\"\n";
			showEnvVarsInLog = 0;
		};
/* End PBXShellScriptBuildPhase section */

/* Begin PBXSourcesBuildPhase section */
		E5C8527D288A51B500BBB795 /* Sources */ = {
			isa = PBXSourcesBuildPhase;
			buildActionMask = 2147483647;
			files = (
				63556DDA289978920020ABDD /* p_modal.swift in Sources */,
				6373BB2D289369B10002A084 /* v_Navigation.swift in Sources */,
				6373BB272893595C0002A084 /* v_List.swift in Sources */,
				6317D70B2892D77200192E5A /* v_Tab.swift in Sources */,
				63C09550289964DE00498562 /* Transitions.swift in Sources */,
				636104E128966A7E000DA851 /* p_tabview.swift in Sources */,
				6317D7092892D32E00192E5A /* v_fullScreenCover.swift in Sources */,
				63C0954A2899620F00498562 /* Shadow.swift in Sources */,
				639D2A1A289833B200B3AEF3 /* p_tmp.swift in Sources */,
				635108062898220A00999B3D /* chart_LineMark.swift in Sources */,
				63C0955728996B1400498562 /* TapDelay.swift in Sources */,
				63168D0528997BF200C7D0DC /* api_video.swift in Sources */,
				6317D70D2892D86600192E5A /* v_Form.swift in Sources */,
				6361C5A22897F6C300D32F21 /* API.swift in Sources */,
				636104DF289654BF000DA851 /* NavigationBar.swift in Sources */,
				E5CE5CB72892602500BC7FF1 /* v_Stepper.swift in Sources */,
				63B7356A289D517B00CA74C8 /* styles.swift in Sources */,
				63D8625D28A76EC300EC9CCE /* api_RecordSound.swift in Sources */,
				63AC4B0D28916D71004B4A45 /* v_Button.swift in Sources */,
				63DA2557289E9674001EA6B1 /* api_PhotosPicker.swift in Sources */,
				E56AFA37288ABE6300978D59 /* SearchBarView.swift in Sources */,
				E5CE5CB328925B0600BC7FF1 /* v_Link.swift in Sources */,
				63AC4B0F289177C3004B4A45 /* v_Label.swift in Sources */,
				6384F9E1289C98E1005BDC98 /* api_URLSession_Post.swift in Sources */,
				636104DA289631FA000DA851 /* v_swipeActions.swift in Sources */,
				639BA7B3289420C4007C2797 /* v_ProgressView.swift in Sources */,
				63C095532899684F00498562 /* Timing.swift in Sources */,
				6327FA6228957E440091BB9B /* p_tabbar.swift in Sources */,
				E586EC072892324100360671 /* v_Slider.swift in Sources */,
				E52ECFB72893A7AE0051D2DE /* v_Alert.swift in Sources */,
				63AFF201289AAE5100C949E3 /* p_markdownWithAttributedString.swift in Sources */,
				63C0954E2899644B00498562 /* a_withAnimation.swift in Sources */,
				639BA7B928942CBD007C2797 /* Examples.swift in Sources */,
				63FEF4162896872E00BC886C /* v_shape.swift in Sources */,
				63F2526B28995BD60055BCF0 /* p_toolbar.swift in Sources */,
				636104E328967CCA000DA851 /* v_Gradient.swift in Sources */,
				63E81B9B289E470B00360F45 /* ToastView.swift in Sources */,
				6373BB29289364E50002A084 /* v_ScrollView.swift in Sources */,
				63FD9555289F91440069F691 /* api_camera_photo.swift in Sources */,
				63F76BD52899E6EA0028A4D4 /* api_audio.swift in Sources */,
				63C0954C2899628D00498562 /* Mask.swift in Sources */,
				6317D7112892DDA700192E5A /* v_OutlineGroup.swift in Sources */,
				63556DD6289976870020ABDD /* p_ScrollWithRotate3DEffect.swift in Sources */,
				6317D7152892DE8000192E5A /* v_Table.swift in Sources */,
				E59233F2288FB50C001714F5 /* TabbarDefault.swift in Sources */,
				63E8CFD4288AEFEC00550E52 /* common.swift in Sources */,
				63B73568289D4E1500CA74C8 /* api_clipboard.swift in Sources */,
				6327DE3F28A5379D0097F3BF /* MainSceneDelegate.swift in Sources */,
				6361C5A42898177A00D32F21 /* chart_BarMark.swift in Sources */,
				63F3F7EA2898B6BA008FEC16 /* p_environment.swift in Sources */,
				639BA7B128941C1D007C2797 /* v_Spacer.swift in Sources */,
				635DB8812891819E0019BC3B /* v_Layout.swift in Sources */,
				6317D70F2892DA1E00192E5A /* v_GroupBox.swift in Sources */,
				E5D7EA9F288A815C0021B6E6 /* todoAddPageView.swift in Sources */,
				6317D7132892DE1C00192E5A /* v_DisclosureGroup.swift in Sources */,
				63772DE2289BFB4300BB56AD /* api_URLSession.swift in Sources */,
				E5CE5CB528925DFD00BC7FF1 /* v_Menu.swift in Sources */,
				63D8625728A7279F00EC9CCE /* UserLogin.swift in Sources */,
				E57E0ABD2892931500B86669 /* v_Picker.swift in Sources */,
				6309715228950FCC00138FAD /* Home.swift in Sources */,
				E5D7EA9D288A814A0021B6E6 /* todoMainPageView.swift in Sources */,
				639BA7BC28942D5F007C2797 /* p_navigation.swift in Sources */,
				E52ECFB92893A8860051D2DE /* v_ActionSheet.swift in Sources */,
				635DB87E2891801C0019BC3B /* ComponentsView.swift in Sources */,
				636104D828962D66000DA851 /* p_swipeActions.swift in Sources */,
				E52ECFB52893A4360051D2DE /* v_Image.swift in Sources */,
				63C095552899689100498562 /* Effect.swift in Sources */,
				639BA7AF28941789007C2797 /* v_Divider.swift in Sources */,
				6317D7172892E03700192E5A /* v_TimelineView.swift in Sources */,
				63C35C2328A14AFA00AFA350 /* api_CoreLocation.swift in Sources */,
				E5C85285288A51B500BBB795 /* HelloSwift.swift in Sources */,
				63556DD8289977AF0020ABDD /* p_loading.swift in Sources */,
				639BA7B72894229B007C2797 /* v_Canvas.swift in Sources */,
				63545EF52897F1450054FFBB /* api_getSystemInfo.swift in Sources */,
				63AAAD592890C65F005F1C20 /* v_Input.swift in Sources */,
				63AFF203289AAE6600C949E3 /* api_UserDefaults.swift in Sources */,
				6327FA6428958B740091BB9B /* RootView.swift in Sources */,
				E5CE5CAE289252B800BC7FF1 /* v_Toggle.swift in Sources */,
				63DA2555289E950E001EA6B1 /* api_PHPicker.swift in Sources */,
				63FD9557289F94670069F691 /* p_PageViewController.swift in Sources */,
				63CDEB9A28A69879000077E9 /* ViewController.swift in Sources */,
				63BE461D2894F59400FB9844 /* v_Popover.swift in Sources */,
				E52ECFBC2893AAC40051D2DE /* v_Maps.swift in Sources */,
				63E3B2A9289DEF4000EECFC5 /* api_Contacts.swift in Sources */,
				63FEF4182896B18000BC886C /* v_Gesture.swift in Sources */,
				6373BB2B289367F50002A084 /* v_ScrollViewReader.swift in Sources */,
				63179027289947B100A45C93 /* api_share.swift in Sources */,
				6317902928994F6C00A45C93 /* p_StatusBarBackgroundOnScroll.swift in Sources */,
				63F76BD32899DFF40028A4D4 /* v_Grid.swift in Sources */,
				6389EE9928A1683E002B6E4A /* api_HealthKit.swift in Sources */,
				6317D7072892D20900192E5A /* v_Sheet.swift in Sources */,
				63E584A2289033AB00750F00 /* v_Text.swift in Sources */,
				63BE461F2894FE1000FB9844 /* v_Dialog.swift in Sources */,
				635108082898260F00999B3D /* chart_PointMark.swift in Sources */,
				63C35C2528A1618900AFA350 /* api_CoreLocationUI.swift in Sources */,
				635DB87A28917CBE0019BC3B /* v_TextEditor.swift in Sources */,
			);
			runOnlyForDeploymentPostprocessing = 0;
		};
/* End PBXSourcesBuildPhase section */

/* Begin XCBuildConfiguration section */
		E5C8528D288A51B700BBB795 /* Debug */ = {
			isa = XCBuildConfiguration;
			buildSettings = {
				ALWAYS_EMBED_SWIFT_STANDARD_LIBRARIES = YES;
				ALWAYS_SEARCH_USER_PATHS = NO;
				CLANG_ANALYZER_NONNULL = YES;
				CLANG_ANALYZER_NUMBER_OBJECT_CONVERSION = YES_AGGRESSIVE;
				CLANG_CXX_LANGUAGE_STANDARD = "gnu++17";
				CLANG_CXX_LIBRARY = "libc++";
				CLANG_ENABLE_MODULES = YES;
				CLANG_ENABLE_OBJC_ARC = YES;
				CLANG_ENABLE_OBJC_WEAK = YES;
				CLANG_WARN_BLOCK_CAPTURE_AUTORELEASING = YES;
				CLANG_WARN_BOOL_CONVERSION = YES;
				CLANG_WARN_COMMA = YES;
				CLANG_WARN_CONSTANT_CONVERSION = YES;
				CLANG_WARN_DEPRECATED_OBJC_IMPLEMENTATIONS = YES;
				CLANG_WARN_DIRECT_OBJC_ISA_USAGE = YES_ERROR;
				CLANG_WARN_DOCUMENTATION_COMMENTS = YES;
				CLANG_WARN_EMPTY_BODY = YES;
				CLANG_WARN_ENUM_CONVERSION = YES;
				CLANG_WARN_INFINITE_RECURSION = YES;
				CLANG_WARN_INT_CONVERSION = YES;
				CLANG_WARN_NON_LITERAL_NULL_CONVERSION = YES;
				CLANG_WARN_OBJC_IMPLICIT_RETAIN_SELF = YES;
				CLANG_WARN_OBJC_LITERAL_CONVERSION = YES;
				CLANG_WARN_OBJC_ROOT_CLASS = YES_ERROR;
				CLANG_WARN_QUOTED_INCLUDE_IN_FRAMEWORK_HEADER = YES;
				CLANG_WARN_RANGE_LOOP_ANALYSIS = YES;
				CLANG_WARN_STRICT_PROTOTYPES = YES;
				CLANG_WARN_SUSPICIOUS_MOVE = YES;
				CLANG_WARN_UNGUARDED_AVAILABILITY = YES_AGGRESSIVE;
				CLANG_WARN_UNREACHABLE_CODE = YES;
				CLANG_WARN__DUPLICATE_METHOD_MATCH = YES;
				COPY_PHASE_STRIP = NO;
				DEBUG_INFORMATION_FORMAT = dwarf;
				ENABLE_STRICT_OBJC_MSGSEND = YES;
				ENABLE_TESTABILITY = YES;
				GCC_C_LANGUAGE_STANDARD = gnu11;
				GCC_DYNAMIC_NO_PIC = NO;
				GCC_NO_COMMON_BLOCKS = YES;
				GCC_OPTIMIZATION_LEVEL = 0;
				GCC_PREPROCESSOR_DEFINITIONS = (
					"DEBUG=1",
					"$(inherited)",
				);
				GCC_WARN_64_TO_32_BIT_CONVERSION = YES;
				GCC_WARN_ABOUT_RETURN_TYPE = YES_ERROR;
				GCC_WARN_UNDECLARED_SELECTOR = YES;
				GCC_WARN_UNINITIALIZED_AUTOS = YES_AGGRESSIVE;
				GCC_WARN_UNUSED_FUNCTION = YES;
				GCC_WARN_UNUSED_VARIABLE = YES;
				INFOPLIST_KEY_NSCameraUsageDescription = "获取相机权限";
				INFOPLIST_KEY_NSContactsUsageDescription = "读取Contacts测试";
				INFOPLIST_KEY_NSHealthClinicalHealthRecordsShareUsageDescription = "使用健康数据，以便更好为您服务";
				INFOPLIST_KEY_NSHealthShareUsageDescription = "使用健康数据，以便更好为您服务";
				INFOPLIST_KEY_NSHealthUpdateUsageDescription = "使用健康数据，以便更好为您服务";
				INFOPLIST_KEY_NSLocalNetworkUsageDescription = "";
				INFOPLIST_KEY_NSLocationAlwaysAndWhenInUseUsageDescription = "";
				INFOPLIST_KEY_NSLocationAlwaysUsageDescription = "";
				INFOPLIST_KEY_NSLocationTemporaryUsageDescriptionDictionary = "";
				INFOPLIST_KEY_NSLocationUsageDescription = "";
				INFOPLIST_KEY_NSLocationWhenInUseUsageDescription = "使用您的位置信息，以便向您更快的找到相应服务";
				INFOPLIST_KEY_NSPhotoLibraryAddUsageDescription = "获取照片测试";
				INFOPLIST_KEY_NSPhotoLibraryUsageDescription = "获取照片";
				IPHONEOS_DEPLOYMENT_TARGET = 15.0;
				MTL_ENABLE_DEBUG_INFO = INCLUDE_SOURCE;
				MTL_FAST_MATH = YES;
				ONLY_ACTIVE_ARCH = YES;
				SDKROOT = iphoneos;
				SWIFT_ACTIVE_COMPILATION_CONDITIONS = DEBUG;
				SWIFT_OPTIMIZATION_LEVEL = "-Onone";
			};
			name = Debug;
		};
		E5C8528E288A51B700BBB795 /* Release */ = {
			isa = XCBuildConfiguration;
			buildSettings = {
				ALWAYS_EMBED_SWIFT_STANDARD_LIBRARIES = YES;
				ALWAYS_SEARCH_USER_PATHS = NO;
				CLANG_ANALYZER_NONNULL = YES;
				CLANG_ANALYZER_NUMBER_OBJECT_CONVERSION = YES_AGGRESSIVE;
				CLANG_CXX_LANGUAGE_STANDARD = "gnu++17";
				CLANG_CXX_LIBRARY = "libc++";
				CLANG_ENABLE_MODULES = YES;
				CLANG_ENABLE_OBJC_ARC = YES;
				CLANG_ENABLE_OBJC_WEAK = YES;
				CLANG_WARN_BLOCK_CAPTURE_AUTORELEASING = YES;
				CLANG_WARN_BOOL_CONVERSION = YES;
				CLANG_WARN_COMMA = YES;
				CLANG_WARN_CONSTANT_CONVERSION = YES;
				CLANG_WARN_DEPRECATED_OBJC_IMPLEMENTATIONS = YES;
				CLANG_WARN_DIRECT_OBJC_ISA_USAGE = YES_ERROR;
				CLANG_WARN_DOCUMENTATION_COMMENTS = YES;
				CLANG_WARN_EMPTY_BODY = YES;
				CLANG_WARN_ENUM_CONVERSION = YES;
				CLANG_WARN_INFINITE_RECURSION = YES;
				CLANG_WARN_INT_CONVERSION = YES;
				CLANG_WARN_NON_LITERAL_NULL_CONVERSION = YES;
				CLANG_WARN_OBJC_IMPLICIT_RETAIN_SELF = YES;
				CLANG_WARN_OBJC_LITERAL_CONVERSION = YES;
				CLANG_WARN_OBJC_ROOT_CLASS = YES_ERROR;
				CLANG_WARN_QUOTED_INCLUDE_IN_FRAMEWORK_HEADER = YES;
				CLANG_WARN_RANGE_LOOP_ANALYSIS = YES;
				CLANG_WARN_STRICT_PROTOTYPES = YES;
				CLANG_WARN_SUSPICIOUS_MOVE = YES;
				CLANG_WARN_UNGUARDED_AVAILABILITY = YES_AGGRESSIVE;
				CLANG_WARN_UNREACHABLE_CODE = YES;
				CLANG_WARN__DUPLICATE_METHOD_MATCH = YES;
				COPY_PHASE_STRIP = NO;
				DEBUG_INFORMATION_FORMAT = "dwarf-with-dsym";
				ENABLE_NS_ASSERTIONS = NO;
				ENABLE_STRICT_OBJC_MSGSEND = YES;
				GCC_C_LANGUAGE_STANDARD = gnu11;
				GCC_NO_COMMON_BLOCKS = YES;
				GCC_WARN_64_TO_32_BIT_CONVERSION = YES;
				GCC_WARN_ABOUT_RETURN_TYPE = YES_ERROR;
				GCC_WARN_UNDECLARED_SELECTOR = YES;
				GCC_WARN_UNINITIALIZED_AUTOS = YES_AGGRESSIVE;
				GCC_WARN_UNUSED_FUNCTION = YES;
				GCC_WARN_UNUSED_VARIABLE = YES;
				INFOPLIST_KEY_NSCameraUsageDescription = "获取相机权限";
				INFOPLIST_KEY_NSContactsUsageDescription = "读取Contacts测试";
				INFOPLIST_KEY_NSHealthClinicalHealthRecordsShareUsageDescription = "使用健康数据，以便更好为您服务";
				INFOPLIST_KEY_NSHealthShareUsageDescription = "使用健康数据，以便更好为您服务";
				INFOPLIST_KEY_NSHealthUpdateUsageDescription = "使用健康数据，以便更好为您服务";
				INFOPLIST_KEY_NSLocalNetworkUsageDescription = "";
				INFOPLIST_KEY_NSLocationAlwaysAndWhenInUseUsageDescription = "";
				INFOPLIST_KEY_NSLocationAlwaysUsageDescription = "";
				INFOPLIST_KEY_NSLocationTemporaryUsageDescriptionDictionary = "";
				INFOPLIST_KEY_NSLocationUsageDescription = "";
				INFOPLIST_KEY_NSLocationWhenInUseUsageDescription = "使用您的位置信息，以便向您更快的找到相应服务";
				INFOPLIST_KEY_NSPhotoLibraryAddUsageDescription = "获取照片测试";
				INFOPLIST_KEY_NSPhotoLibraryUsageDescription = "获取照片";
				IPHONEOS_DEPLOYMENT_TARGET = 15.0;
				MTL_ENABLE_DEBUG_INFO = NO;
				MTL_FAST_MATH = YES;
				SDKROOT = iphoneos;
				SWIFT_COMPILATION_MODE = wholemodule;
				SWIFT_OPTIMIZATION_LEVEL = "-O";
				VALIDATE_PRODUCT = YES;
			};
			name = Release;
		};
		E5C85290288A51B700BBB795 /* Debug */ = {
			isa = XCBuildConfiguration;
			baseConfigurationReference = 3F3DA4E2CBD25B6739ECCFE1 /* Pods-HelloSwift.debug.xcconfig */;
			buildSettings = {
				ALWAYS_EMBED_SWIFT_STANDARD_LIBRARIES = YES;
				ASSETCATALOG_COMPILER_APPICON_NAME = AppIcon;
				ASSETCATALOG_COMPILER_GLOBAL_ACCENT_COLOR_NAME = AccentColor;
				CODE_SIGN_ENTITLEMENTS = HelloSwift.entitlements;
				CODE_SIGN_STYLE = Automatic;
				CURRENT_PROJECT_VERSION = 1;
				DEVELOPMENT_ASSET_PATHS = "\"hello/Preview Content\"";
				DEVELOPMENT_TEAM = 6A37QH2ZQX;
				ENABLE_PREVIEWS = YES;
				GENERATE_INFOPLIST_FILE = YES;
				INFOPLIST_FILE = "HelloSwift-Info.plist";
				INFOPLIST_KEY_CFBundleDisplayName = "Hello Swift";
				INFOPLIST_KEY_LSApplicationCategoryType = "public.app-category.developer-tools";
				INFOPLIST_KEY_NSCameraUsageDescription = "使用相机，以便为您服务";
				INFOPLIST_KEY_NSContactsUsageDescription = "获取Contacts，为您找到朋友";
				INFOPLIST_KEY_NSHealthClinicalHealthRecordsShareUsageDescription = "使用健康数据，以便更好为您服务";
				INFOPLIST_KEY_NSHealthShareUsageDescription = "使用健康数据，以便更好为您服务";
				INFOPLIST_KEY_NSHealthUpdateUsageDescription = "使用健康数据，以便更好为您服务";
				INFOPLIST_KEY_NSLocalNetworkUsageDescription = "";
				INFOPLIST_KEY_NSLocationAlwaysAndWhenInUseUsageDescription = "";
				INFOPLIST_KEY_NSLocationAlwaysUsageDescription = "";
				INFOPLIST_KEY_NSLocationTemporaryUsageDescriptionDictionary = "";
				INFOPLIST_KEY_NSLocationUsageDescription = "";
				INFOPLIST_KEY_NSLocationWhenInUseUsageDescription = "使用您的位置信息，以便向您更快的找到相应服务";
				INFOPLIST_KEY_NSMicrophoneUsageDescription = "使用麦克风，以便录音";
				INFOPLIST_KEY_NSPhotoLibraryAddUsageDescription = "使用照片，用于头像";
				INFOPLIST_KEY_NSPhotoLibraryUsageDescription = "使用照片，用于头像";
				INFOPLIST_KEY_UIApplicationSceneManifest_Generation = YES;
				INFOPLIST_KEY_UIApplicationSupportsIndirectInputEvents = YES;
				INFOPLIST_KEY_UILaunchScreen_Generation = YES;
				INFOPLIST_KEY_UILaunchStoryboardName = "Launch Screen.storyboard";
				INFOPLIST_KEY_UIRequiresFullScreen = YES;
				INFOPLIST_KEY_UISupportedInterfaceOrientations_iPad = "UIInterfaceOrientationPortrait UIInterfaceOrientationPortraitUpsideDown UIInterfaceOrientationLandscapeLeft UIInterfaceOrientationLandscapeRight";
				INFOPLIST_KEY_UISupportedInterfaceOrientations_iPhone = "UIInterfaceOrientationPortrait UIInterfaceOrientationLandscapeLeft UIInterfaceOrientationLandscapeRight";
				IPHONEOS_DEPLOYMENT_TARGET = 16.0;
				LD_RUNPATH_SEARCH_PATHS = (
					"$(inherited)",
					"@executable_path/Frameworks",
				);
				MARKETING_VERSION = 1.0;
				PRODUCT_BUNDLE_IDENTIFIER = io.hello.swift;
				PRODUCT_NAME = "$(TARGET_NAME)";
				SWIFT_EMIT_LOC_STRINGS = YES;
				SWIFT_VERSION = 5.0;
				TARGETED_DEVICE_FAMILY = "1,2";
			};
			name = Debug;
		};
		E5C85291288A51B700BBB795 /* Release */ = {
			isa = XCBuildConfiguration;
			baseConfigurationReference = 623FDE838B80780113AAD684 /* Pods-HelloSwift.release.xcconfig */;
			buildSettings = {
				ALWAYS_EMBED_SWIFT_STANDARD_LIBRARIES = YES;
				ASSETCATALOG_COMPILER_APPICON_NAME = AppIcon;
				ASSETCATALOG_COMPILER_GLOBAL_ACCENT_COLOR_NAME = AccentColor;
				CODE_SIGN_ENTITLEMENTS = HelloSwift.entitlements;
				CODE_SIGN_STYLE = Automatic;
				CURRENT_PROJECT_VERSION = 1;
				DEVELOPMENT_ASSET_PATHS = "\"hello/Preview Content\"";
				DEVELOPMENT_TEAM = 6A37QH2ZQX;
				ENABLE_PREVIEWS = YES;
				GENERATE_INFOPLIST_FILE = YES;
				INFOPLIST_FILE = "HelloSwift-Info.plist";
				INFOPLIST_KEY_CFBundleDisplayName = "Hello Swift";
				INFOPLIST_KEY_LSApplicationCategoryType = "public.app-category.developer-tools";
				INFOPLIST_KEY_NSCameraUsageDescription = "使用相机，以便为您服务";
				INFOPLIST_KEY_NSContactsUsageDescription = "获取Contacts，为您找到朋友";
				INFOPLIST_KEY_NSHealthClinicalHealthRecordsShareUsageDescription = "使用健康数据，以便更好为您服务";
				INFOPLIST_KEY_NSHealthShareUsageDescription = "使用健康数据，以便更好为您服务";
				INFOPLIST_KEY_NSHealthUpdateUsageDescription = "使用健康数据，以便更好为您服务";
				INFOPLIST_KEY_NSLocalNetworkUsageDescription = "";
				INFOPLIST_KEY_NSLocationAlwaysAndWhenInUseUsageDescription = "";
				INFOPLIST_KEY_NSLocationAlwaysUsageDescription = "";
				INFOPLIST_KEY_NSLocationTemporaryUsageDescriptionDictionary = "";
				INFOPLIST_KEY_NSLocationUsageDescription = "";
				INFOPLIST_KEY_NSLocationWhenInUseUsageDescription = "使用您的位置信息，以便向您更快的找到相应服务";
				INFOPLIST_KEY_NSMicrophoneUsageDescription = "使用麦克风，以便录音";
				INFOPLIST_KEY_NSPhotoLibraryAddUsageDescription = "使用照片，用于头像";
				INFOPLIST_KEY_NSPhotoLibraryUsageDescription = "使用照片，用于头像";
				INFOPLIST_KEY_UIApplicationSceneManifest_Generation = YES;
				INFOPLIST_KEY_UIApplicationSupportsIndirectInputEvents = YES;
				INFOPLIST_KEY_UILaunchScreen_Generation = YES;
				INFOPLIST_KEY_UILaunchStoryboardName = "Launch Screen.storyboard";
				INFOPLIST_KEY_UIRequiresFullScreen = YES;
				INFOPLIST_KEY_UISupportedInterfaceOrientations_iPad = "UIInterfaceOrientationPortrait UIInterfaceOrientationPortraitUpsideDown UIInterfaceOrientationLandscapeLeft UIInterfaceOrientationLandscapeRight";
				INFOPLIST_KEY_UISupportedInterfaceOrientations_iPhone = "UIInterfaceOrientationPortrait UIInterfaceOrientationLandscapeLeft UIInterfaceOrientationLandscapeRight";
				IPHONEOS_DEPLOYMENT_TARGET = 16.0;
				LD_RUNPATH_SEARCH_PATHS = (
					"$(inherited)",
					"@executable_path/Frameworks",
				);
				MARKETING_VERSION = 1.0;
				PRODUCT_BUNDLE_IDENTIFIER = io.hello.swift;
				PRODUCT_NAME = "$(TARGET_NAME)";
				SWIFT_EMIT_LOC_STRINGS = YES;
				SWIFT_VERSION = 5.0;
				TARGETED_DEVICE_FAMILY = "1,2";
			};
			name = Release;
		};
/* End XCBuildConfiguration section */

/* Begin XCConfigurationList section */
		E5C8527C288A51B500BBB795 /* Build configuration list for PBXProject "HelloSwift" */ = {
			isa = XCConfigurationList;
			buildConfigurations = (
				E5C8528D288A51B700BBB795 /* Debug */,
				E5C8528E288A51B700BBB795 /* Release */,
			);
			defaultConfigurationIsVisible = 0;
			defaultConfigurationName = Release;
		};
		E5C8528F288A51B700BBB795 /* Build configuration list for PBXNativeTarget "HelloSwift" */ = {
			isa = XCConfigurationList;
			buildConfigurations = (
				E5C85290288A51B700BBB795 /* Debug */,
				E5C85291288A51B700BBB795 /* Release */,
			);
			defaultConfigurationIsVisible = 0;
			defaultConfigurationName = Release;
		};
/* End XCConfigurationList section */
	};
	rootObject = E5C85279288A51B500BBB795 /* Project object */;
}
